// !$*UTF8*$!
{
	archiveVersion = 1;
	classes = {
	};
	objectVersion = 48;
	objects = {

/* Begin PBXBuildFile section */
		9F1F05A2C9F9A6C14CF67FB4 /* Pods_Utterfare_Vendor.framework in Frameworks */ = {isa = PBXBuildFile; fileRef = D886EAB4829A50D06053FF1C /* Pods_Utterfare_Vendor.framework */; };
		A20F8755206B2EDB00F20F2B /* SingleItemViewController.swift in Sources */ = {isa = PBXBuildFile; fileRef = A20F8754206B2EDB00F20F2B /* SingleItemViewController.swift */; };
		A23043C6206AA6E200C8A618 /* LogInViewController.swift in Sources */ = {isa = PBXBuildFile; fileRef = A23043C5206AA6E200C8A618 /* LogInViewController.swift */; };
		A23043C9206AA80400C8A618 /* LogInModel.swift in Sources */ = {isa = PBXBuildFile; fileRef = A23043C8206AA80400C8A618 /* LogInModel.swift */; };
		A23043CC206AE52400C8A618 /* ItemsViewController.swift in Sources */ = {isa = PBXBuildFile; fileRef = A23043CB206AE52400C8A618 /* ItemsViewController.swift */; };
		A23043CE206AE57F00C8A618 /* ItemsModel.swift in Sources */ = {isa = PBXBuildFile; fileRef = A23043CD206AE57F00C8A618 /* ItemsModel.swift */; };
		A23043D0206AE76600C8A618 /* ItemCellController.swift in Sources */ = {isa = PBXBuildFile; fileRef = A23043CF206AE76600C8A618 /* ItemCellController.swift */; };
		A2FB568B20698ED2004F0344 /* AppDelegate.swift in Sources */ = {isa = PBXBuildFile; fileRef = A2FB568A20698ED2004F0344 /* AppDelegate.swift */; };
		A2FB568D20698ED2004F0344 /* MainViewController.swift in Sources */ = {isa = PBXBuildFile; fileRef = A2FB568C20698ED2004F0344 /* MainViewController.swift */; };
		A2FB569220698ED2004F0344 /* Main.storyboard in Resources */ = {isa = PBXBuildFile; fileRef = A2FB569020698ED2004F0344 /* Main.storyboard */; };
		A2FB569420698ED2004F0344 /* Assets.xcassets in Resources */ = {isa = PBXBuildFile; fileRef = A2FB569320698ED2004F0344 /* Assets.xcassets */; };
		A2FB569720698ED2004F0344 /* LaunchScreen.storyboard in Resources */ = {isa = PBXBuildFile; fileRef = A2FB569520698ED2004F0344 /* LaunchScreen.storyboard */; };
/* End PBXBuildFile section */

/* Begin PBXFileReference section */
		45D0AD7B33DF6EFBC93B723A /* Pods-Utterfare Vendor.debug.xcconfig */ = {isa = PBXFileReference; includeInIndex = 1; lastKnownFileType = text.xcconfig; name = "Pods-Utterfare Vendor.debug.xcconfig"; path = "Pods/Target Support Files/Pods-Utterfare Vendor/Pods-Utterfare Vendor.debug.xcconfig"; sourceTree = "<group>"; };
		76FC7DBDD0D478B83F2364B8 /* Pods-Utterfare Vendor.release.xcconfig */ = {isa = PBXFileReference; includeInIndex = 1; lastKnownFileType = text.xcconfig; name = "Pods-Utterfare Vendor.release.xcconfig"; path = "Pods/Target Support Files/Pods-Utterfare Vendor/Pods-Utterfare Vendor.release.xcconfig"; sourceTree = "<group>"; };
		A20F8754206B2EDB00F20F2B /* SingleItemViewController.swift */ = {isa = PBXFileReference; lastKnownFileType = sourcecode.swift; path = SingleItemViewController.swift; sourceTree = "<group>"; };
		A23043C5206AA6E200C8A618 /* LogInViewController.swift */ = {isa = PBXFileReference; lastKnownFileType = sourcecode.swift; path = LogInViewController.swift; sourceTree = "<group>"; };
		A23043C8206AA80400C8A618 /* LogInModel.swift */ = {isa = PBXFileReference; lastKnownFileType = sourcecode.swift; path = LogInModel.swift; sourceTree = "<group>"; };
		A23043CB206AE52400C8A618 /* ItemsViewController.swift */ = {isa = PBXFileReference; lastKnownFileType = sourcecode.swift; path = ItemsViewController.swift; sourceTree = "<group>"; };
		A23043CD206AE57F00C8A618 /* ItemsModel.swift */ = {isa = PBXFileReference; lastKnownFileType = sourcecode.swift; path = ItemsModel.swift; sourceTree = "<group>"; };
		A23043CF206AE76600C8A618 /* ItemCellController.swift */ = {isa = PBXFileReference; lastKnownFileType = sourcecode.swift; path = ItemCellController.swift; sourceTree = "<group>"; };
		A2FB568720698ED2004F0344 /* Utterfare Vendor.app */ = {isa = PBXFileReference; explicitFileType = wrapper.application; includeInIndex = 0; path = "Utterfare Vendor.app"; sourceTree = BUILT_PRODUCTS_DIR; };
		A2FB568A20698ED2004F0344 /* AppDelegate.swift */ = {isa = PBXFileReference; lastKnownFileType = sourcecode.swift; path = AppDelegate.swift; sourceTree = "<group>"; };
		A2FB568C20698ED2004F0344 /* MainViewController.swift */ = {isa = PBXFileReference; lastKnownFileType = sourcecode.swift; path = MainViewController.swift; sourceTree = "<group>"; };
		A2FB569120698ED2004F0344 /* Base */ = {isa = PBXFileReference; lastKnownFileType = file.storyboard; name = Base; path = Base.lproj/Main.storyboard; sourceTree = "<group>"; };
		A2FB569320698ED2004F0344 /* Assets.xcassets */ = {isa = PBXFileReference; lastKnownFileType = folder.assetcatalog; path = Assets.xcassets; sourceTree = "<group>"; };
		A2FB569620698ED2004F0344 /* Base */ = {isa = PBXFileReference; lastKnownFileType = file.storyboard; name = Base; path = Base.lproj/LaunchScreen.storyboard; sourceTree = "<group>"; };
		A2FB569820698ED2004F0344 /* Info.plist */ = {isa = PBXFileReference; lastKnownFileType = text.plist.xml; path = Info.plist; sourceTree = "<group>"; };
		D886EAB4829A50D06053FF1C /* Pods_Utterfare_Vendor.framework */ = {isa = PBXFileReference; explicitFileType = wrapper.framework; includeInIndex = 0; path = Pods_Utterfare_Vendor.framework; sourceTree = BUILT_PRODUCTS_DIR; };
/* End PBXFileReference section */

/* Begin PBXFrameworksBuildPhase section */
		A2FB568420698ED2004F0344 /* Frameworks */ = {
			isa = PBXFrameworksBuildPhase;
			buildActionMask = 2147483647;
			files = (
				9F1F05A2C9F9A6C14CF67FB4 /* Pods_Utterfare_Vendor.framework in Frameworks */,
			);
			runOnlyForDeploymentPostprocessing = 0;
		};
/* End PBXFrameworksBuildPhase section */

/* Begin PBXGroup section */
		65467F64A6DD1BDD7D6969FE /* Frameworks */ = {
			isa = PBXGroup;
			children = (
				D886EAB4829A50D06053FF1C /* Pods_Utterfare_Vendor.framework */,
			);
			name = Frameworks;
			sourceTree = "<group>";
		};
		A23043C7206AA7EF00C8A618 /* Log In */ = {
			isa = PBXGroup;
			children = (
				A23043C5206AA6E200C8A618 /* LogInViewController.swift */,
				A23043C8206AA80400C8A618 /* LogInModel.swift */,
			);
			path = "Log In";
			sourceTree = "<group>";
		};
		A23043CA206AE4F900C8A618 /* Items */ = {
			isa = PBXGroup;
			children = (
				A23043CB206AE52400C8A618 /* ItemsViewController.swift */,
				A23043CD206AE57F00C8A618 /* ItemsModel.swift */,
				A23043CF206AE76600C8A618 /* ItemCellController.swift */,
				A20F8754206B2EDB00F20F2B /* SingleItemViewController.swift */,
			);
			path = Items;
			sourceTree = "<group>";
		};
		A2FB567E20698ED2004F0344 = {
			isa = PBXGroup;
			children = (
				A2FB568920698ED2004F0344 /* Utterfare Vendor */,
				A2FB568820698ED2004F0344 /* Products */,
				AAFA452D0960942012EF4C09 /* Pods */,
				65467F64A6DD1BDD7D6969FE /* Frameworks */,
			);
			sourceTree = "<group>";
		};
		A2FB568820698ED2004F0344 /* Products */ = {
			isa = PBXGroup;
			children = (
				A2FB568720698ED2004F0344 /* Utterfare Vendor.app */,
			);
			name = Products;
			sourceTree = "<group>";
		};
		A2FB568920698ED2004F0344 /* Utterfare Vendor */ = {
			isa = PBXGroup;
			children = (
				A23043CA206AE4F900C8A618 /* Items */,
				A23043C7206AA7EF00C8A618 /* Log In */,
				A2FB568A20698ED2004F0344 /* AppDelegate.swift */,
				A2FB568C20698ED2004F0344 /* MainViewController.swift */,
				A2FB569020698ED2004F0344 /* Main.storyboard */,
				A2FB569320698ED2004F0344 /* Assets.xcassets */,
				A2FB569520698ED2004F0344 /* LaunchScreen.storyboard */,
				A2FB569820698ED2004F0344 /* Info.plist */,
			);
			path = "Utterfare Vendor";
			sourceTree = "<group>";
		};
		AAFA452D0960942012EF4C09 /* Pods */ = {
			isa = PBXGroup;
			children = (
				45D0AD7B33DF6EFBC93B723A /* Pods-Utterfare Vendor.debug.xcconfig */,
				76FC7DBDD0D478B83F2364B8 /* Pods-Utterfare Vendor.release.xcconfig */,
			);
			name = Pods;
			sourceTree = "<group>";
		};
/* End PBXGroup section */

/* Begin PBXNativeTarget section */
		A2FB568620698ED2004F0344 /* Utterfare Vendor */ = {
			isa = PBXNativeTarget;
			buildConfigurationList = A2FB569B20698ED2004F0344 /* Build configuration list for PBXNativeTarget "Utterfare Vendor" */;
			buildPhases = (
				F2E646A4F4F944F441FF259E /* [CP] Check Pods Manifest.lock */,
				A2FB568320698ED2004F0344 /* Sources */,
				A2FB568420698ED2004F0344 /* Frameworks */,
				A2FB568520698ED2004F0344 /* Resources */,
				242497B77F11DA632C8E946B /* [CP] Embed Pods Frameworks */,
				1B394075A93540B9E7840AB1 /* [CP] Copy Pods Resources */,
			);
			buildRules = (
			);
			dependencies = (
			);
			name = "Utterfare Vendor";
			productName = "Utterfare Vendor";
			productReference = A2FB568720698ED2004F0344 /* Utterfare Vendor.app */;
			productType = "com.apple.product-type.application";
		};
/* End PBXNativeTarget section */

/* Begin PBXProject section */
		A2FB567F20698ED2004F0344 /* Project object */ = {
			isa = PBXProject;
			attributes = {
				LastSwiftUpdateCheck = 0920;
				LastUpgradeCheck = 0920;
				ORGANIZATIONNAME = "CBM Web Development";
				TargetAttributes = {
					A2FB568620698ED2004F0344 = {
						CreatedOnToolsVersion = 9.2;
						ProvisioningStyle = Automatic;
					};
				};
			};
			buildConfigurationList = A2FB568220698ED2004F0344 /* Build configuration list for PBXProject "Utterfare Vendor" */;
			compatibilityVersion = "Xcode 8.0";
			developmentRegion = en;
			hasScannedForEncodings = 0;
			knownRegions = (
				en,
				Base,
			);
			mainGroup = A2FB567E20698ED2004F0344;
			productRefGroup = A2FB568820698ED2004F0344 /* Products */;
			projectDirPath = "";
			projectRoot = "";
			targets = (
				A2FB568620698ED2004F0344 /* Utterfare Vendor */,
			);
		};
/* End PBXProject section */

/* Begin PBXResourcesBuildPhase section */
		A2FB568520698ED2004F0344 /* Resources */ = {
			isa = PBXResourcesBuildPhase;
			buildActionMask = 2147483647;
			files = (
				A2FB569720698ED2004F0344 /* LaunchScreen.storyboard in Resources */,
				A2FB569420698ED2004F0344 /* Assets.xcassets in Resources */,
				A2FB569220698ED2004F0344 /* Main.storyboard in Resources */,
			);
			runOnlyForDeploymentPostprocessing = 0;
		};
/* End PBXResourcesBuildPhase section */

/* Begin PBXShellScriptBuildPhase section */
		1B394075A93540B9E7840AB1 /* [CP] Copy Pods Resources */ = {
			isa = PBXShellScriptBuildPhase;
			buildActionMask = 2147483647;
			files = (
			);
			inputPaths = (
			);
			name = "[CP] Copy Pods Resources";
			outputPaths = (
			);
			runOnlyForDeploymentPostprocessing = 0;
			shellPath = /bin/sh;
			shellScript = "\"${SRCROOT}/Pods/Target Support Files/Pods-Utterfare Vendor/Pods-Utterfare Vendor-resources.sh\"\n";
			showEnvVarsInLog = 0;
		};
		242497B77F11DA632C8E946B /* [CP] Embed Pods Frameworks */ = {
			isa = PBXShellScriptBuildPhase;
			buildActionMask = 2147483647;
			files = (
			);
			inputPaths = (
				"${SRCROOT}/Pods/Target Support Files/Pods-Utterfare Vendor/Pods-Utterfare Vendor-frameworks.sh",
				"${BUILT_PRODUCTS_DIR}/KYDrawerController/KYDrawerController.framework",
				"${BUILT_PRODUCTS_DIR}/SDWebImage/SDWebImage.framework",
			);
			name = "[CP] Embed Pods Frameworks";
			outputPaths = (
				"${TARGET_BUILD_DIR}/${FRAMEWORKS_FOLDER_PATH}/KYDrawerController.framework",
				"${TARGET_BUILD_DIR}/${FRAMEWORKS_FOLDER_PATH}/SDWebImage.framework",
			);
			runOnlyForDeploymentPostprocessing = 0;
			shellPath = /bin/sh;
			shellScript = "\"${SRCROOT}/Pods/Target Support Files/Pods-Utterfare Vendor/Pods-Utterfare Vendor-frameworks.sh\"\n";
			showEnvVarsInLog = 0;
		};
		F2E646A4F4F944F441FF259E /* [CP] Check Pods Manifest.lock */ = {
			isa = PBXShellScriptBuildPhase;
			buildActionMask = 2147483647;
			files = (
			);
			inputPaths = (
				"${PODS_PODFILE_DIR_PATH}/Podfile.lock",
				"${PODS_ROOT}/Manifest.lock",
			);
			name = "[CP] Check Pods Manifest.lock";
			outputPaths = (
				"$(DERIVED_FILE_DIR)/Pods-Utterfare Vendor-checkManifestLockResult.txt",
			);
			runOnlyForDeploymentPostprocessing = 0;
			shellPath = /bin/sh;
			shellScript = "diff \"${PODS_PODFILE_DIR_PATH}/Podfile.lock\" \"${PODS_ROOT}/Manifest.lock\" > /dev/null\nif [ $? != 0 ] ; then\n    # print error to STDERR\n    echo \"error: The sandbox is not in sync with the Podfile.lock. Run 'pod install' or update your CocoaPods installation.\" >&2\n    exit 1\nfi\n# This output is used by Xcode 'outputs' to avoid re-running this script phase.\necho \"SUCCESS\" > \"${SCRIPT_OUTPUT_FILE_0}\"\n";
			showEnvVarsInLog = 0;
		};
/* End PBXShellScriptBuildPhase section */

/* Begin PBXSourcesBuildPhase section */
		A2FB568320698ED2004F0344 /* Sources */ = {
			isa = PBXSourcesBuildPhase;
			buildActionMask = 2147483647;
			files = (
				A23043CC206AE52400C8A618 /* ItemsViewController.swift in Sources */,
				A20F8755206B2EDB00F20F2B /* SingleItemViewController.swift in Sources */,
				A2FB568B20698ED2004F0344 /* AppDelegate.swift in Sources */,
				A23043C9206AA80400C8A618 /* LogInModel.swift in Sources */,
				A2FB568D20698ED2004F0344 /* MainViewController.swift in Sources */,
				A23043D0206AE76600C8A618 /* ItemCellController.swift in Sources */,
				A23043CE206AE57F00C8A618 /* ItemsModel.swift in Sources */,
				A23043C6206AA6E200C8A618 /* LogInViewController.swift in Sources */,
			);
			runOnlyForDeploymentPostprocessing = 0;
		};
/* End PBXSourcesBuildPhase section */

/* Begin PBXVariantGroup section */
		A2FB569020698ED2004F0344 /* Main.storyboard */ = {
			isa = PBXVariantGroup;
			children = (
				A2FB569120698ED2004F0344 /* Base */,
			);
			name = Main.storyboard;
			sourceTree = "<group>";
		};
		A2FB569520698ED2004F0344 /* LaunchScreen.storyboard */ = {
			isa = PBXVariantGroup;
			children = (
				A2FB569620698ED2004F0344 /* Base */,
			);
			name = LaunchScreen.storyboard;
			sourceTree = "<group>";
		};
/* End PBXVariantGroup section */

/* Begin XCBuildConfiguration section */
		A2FB569920698ED2004F0344 /* Debug */ = {
			isa = XCBuildConfiguration;
			buildSettings = {
				ALWAYS_SEARCH_USER_PATHS = NO;
				CLANG_ANALYZER_NONNULL = YES;
				CLANG_ANALYZER_NUMBER_OBJECT_CONVERSION = YES_AGGRESSIVE;
				CLANG_CXX_LANGUAGE_STANDARD = "gnu++14";
				CLANG_CXX_LIBRARY = "libc++";
				CLANG_ENABLE_MODULES = YES;
				CLANG_ENABLE_OBJC_ARC = YES;
				CLANG_WARN_BLOCK_CAPTURE_AUTORELEASING = YES;
				CLANG_WARN_BOOL_CONVERSION = YES;
				CLANG_WARN_COMMA = YES;
				CLANG_WARN_CONSTANT_CONVERSION = YES;
				CLANG_WARN_DIRECT_OBJC_ISA_USAGE = YES_ERROR;
				CLANG_WARN_DOCUMENTATION_COMMENTS = YES;
				CLANG_WARN_EMPTY_BODY = YES;
				CLANG_WARN_ENUM_CONVERSION = YES;
				CLANG_WARN_INFINITE_RECURSION = YES;
				CLANG_WARN_INT_CONVERSION = YES;
				CLANG_WARN_NON_LITERAL_NULL_CONVERSION = YES;
				CLANG_WARN_OBJC_LITERAL_CONVERSION = YES;
				CLANG_WARN_OBJC_ROOT_CLASS = YES_ERROR;
				CLANG_WARN_RANGE_LOOP_ANALYSIS = YES;
				CLANG_WARN_STRICT_PROTOTYPES = YES;
				CLANG_WARN_SUSPICIOUS_MOVE = YES;
				CLANG_WARN_UNGUARDED_AVAILABILITY = YES_AGGRESSIVE;
				CLANG_WARN_UNREACHABLE_CODE = YES;
				CLANG_WARN__DUPLICATE_METHOD_MATCH = YES;
				CODE_SIGN_IDENTITY = "iPhone Developer";
				COPY_PHASE_STRIP = NO;
				DEBUG_INFORMATION_FORMAT = dwarf;
				ENABLE_STRICT_OBJC_MSGSEND = YES;
				ENABLE_TESTABILITY = YES;
				GCC_C_LANGUAGE_STANDARD = gnu11;
				GCC_DYNAMIC_NO_PIC = NO;
				GCC_NO_COMMON_BLOCKS = YES;
				GCC_OPTIMIZATION_LEVEL = 0;
				GCC_PREPROCESSOR_DEFINITIONS = (
					"DEBUG=1",
					"$(inherited)",
				);
				GCC_WARN_64_TO_32_BIT_CONVERSION = YES;
				GCC_WARN_ABOUT_RETURN_TYPE = YES_ERROR;
				GCC_WARN_UNDECLARED_SELECTOR = YES;
				GCC_WARN_UNINITIALIZED_AUTOS = YES_AGGRESSIVE;
				GCC_WARN_UNUSED_FUNCTION = YES;
				GCC_WARN_UNUSED_VARIABLE = YES;
				IPHONEOS_DEPLOYMENT_TARGET = 11.2;
				MTL_ENABLE_DEBUG_INFO = YES;
				ONLY_ACTIVE_ARCH = YES;
				SDKROOT = iphoneos;
				SWIFT_ACTIVE_COMPILATION_CONDITIONS = DEBUG;
				SWIFT_OPTIMIZATION_LEVEL = "-Onone";
			};
			name = Debug;
		};
		A2FB569A20698ED2004F0344 /* Release */ = {
			isa = XCBuildConfiguration;
			buildSettings = {
				ALWAYS_SEARCH_USER_PATHS = NO;
				CLANG_ANALYZER_NONNULL = YES;
				CLANG_ANALYZER_NUMBER_OBJECT_CONVERSION = YES_AGGRESSIVE;
				CLANG_CXX_LANGUAGE_STANDARD = "gnu++14";
				CLANG_CXX_LIBRARY = "libc++";
				CLANG_ENABLE_MODULES = YES;
				CLANG_ENABLE_OBJC_ARC = YES;
				CLANG_WARN_BLOCK_CAPTURE_AUTORELEASING = YES;
				CLANG_WARN_BOOL_CONVERSION = YES;
				CLANG_WARN_COMMA = YES;
				CLANG_WARN_CONSTANT_CONVERSION = YES;
				CLANG_WARN_DIRECT_OBJC_ISA_USAGE = YES_ERROR;
				CLANG_WARN_DOCUMENTATION_COMMENTS = YES;
				CLANG_WARN_EMPTY_BODY = YES;
				CLANG_WARN_ENUM_CONVERSION = YES;
				CLANG_WARN_INFINITE_RECURSION = YES;
				CLANG_WARN_INT_CONVERSION = YES;
				CLANG_WARN_NON_LITERAL_NULL_CONVERSION = YES;
				CLANG_WARN_OBJC_LITERAL_CONVERSION = YES;
				CLANG_WARN_OBJC_ROOT_CLASS = YES_ERROR;
				CLANG_WARN_RANGE_LOOP_ANALYSIS = YES;
				CLANG_WARN_STRICT_PROTOTYPES = YES;
				CLANG_WARN_SUSPICIOUS_MOVE = YES;
				CLANG_WARN_UNGUARDED_AVAILABILITY = YES_AGGRESSIVE;
				CLANG_WARN_UNREACHABLE_CODE = YES;
				CLANG_WARN__DUPLICATE_METHOD_MATCH = YES;
				CODE_SIGN_IDENTITY = "iPhone Developer";
				COPY_PHASE_STRIP = NO;
				DEBUG_INFORMATION_FORMAT = "dwarf-with-dsym";
				ENABLE_NS_ASSERTIONS = NO;
				ENABLE_STRICT_OBJC_MSGSEND = YES;
				GCC_C_LANGUAGE_STANDARD = gnu11;
				GCC_NO_COMMON_BLOCKS = YES;
				GCC_WARN_64_TO_32_BIT_CONVERSION = YES;
				GCC_WARN_ABOUT_RETURN_TYPE = YES_ERROR;
				GCC_WARN_UNDECLARED_SELECTOR = YES;
				GCC_WARN_UNINITIALIZED_AUTOS = YES_AGGRESSIVE;
				GCC_WARN_UNUSED_FUNCTION = YES;
				GCC_WARN_UNUSED_VARIABLE = YES;
				IPHONEOS_DEPLOYMENT_TARGET = 11.2;
				MTL_ENABLE_DEBUG_INFO = NO;
				SDKROOT = iphoneos;
				SWIFT_OPTIMIZATION_LEVEL = "-Owholemodule";
				VALIDATE_PRODUCT = YES;
			};
			name = Release;
		};
		A2FB569C20698ED2004F0344 /* Debug */ = {
			isa = XCBuildConfiguration;
			baseConfigurationReference = 45D0AD7B33DF6EFBC93B723A /* Pods-Utterfare Vendor.debug.xcconfig */;
			buildSettings = {
				ASSETCATALOG_COMPILER_APPICON_NAME = AppIcon;
				CODE_SIGN_STYLE = Automatic;
				DEVELOPMENT_TEAM = B76P79Q988;
				INFOPLIST_FILE = "Utterfare Vendor/Info.plist";
				IPHONEOS_DEPLOYMENT_TARGET = 9.0;
				LD_RUNPATH_SEARCH_PATHS = "$(inherited) @executable_path/Frameworks";
				PRODUCT_BUNDLE_IDENTIFIER = "com.Utterfare.Utterfare-Vendor";
				PRODUCT_NAME = "$(TARGET_NAME)";
				SWIFT_VERSION = 4.0;
				TARGETED_DEVICE_FAMILY = "1,2";
			};
			name = Debug;
		};
		A2FB569D20698ED2004F0344 /* Release */ = {
			isa = XCBuildConfiguration;
			baseConfigurationReference = 76FC7DBDD0D478B83F2364B8 /* Pods-Utterfare Vendor.release.xcconfig */;
			buildSettings = {
				ASSETCATALOG_COMPILER_APPICON_NAME = AppIcon;
				CODE_SIGN_STYLE = Automatic;
				DEVELOPMENT_TEAM = B76P79Q988;
				INFOPLIST_FILE = "Utterfare Vendor/Info.plist";
				IPHONEOS_DEPLOYMENT_TARGET = 9.0;
				LD_RUNPATH_SEARCH_PATHS = "$(inherited) @executable_path/Frameworks";
				PRODUCT_BUNDLE_IDENTIFIER = "com.Utterfare.Utterfare-Vendor";
				PRODUCT_NAME = "$(TARGET_NAME)";
				SWIFT_VERSION = 4.0;
				TARGETED_DEVICE_FAMILY = "1,2";
			};
			name = Release;
		};
/* End XCBuildConfiguration section */

/* Begin XCConfigurationList section */
		A2FB568220698ED2004F0344 /* Build configuration list for PBXProject "Utterfare Vendor" */ = {
			isa = XCConfigurationList;
			buildConfigurations = (
				A2FB569920698ED2004F0344 /* Debug */,
				A2FB569A20698ED2004F0344 /* Release */,
			);
			defaultConfigurationIsVisible = 0;
			defaultConfigurationName = Release;
		};
		A2FB569B20698ED2004F0344 /* Build configuration list for PBXNativeTarget "Utterfare Vendor" */ = {
			isa = XCConfigurationList;
			buildConfigurations = (
				A2FB569C20698ED2004F0344 /* Debug */,
				A2FB569D20698ED2004F0344 /* Release */,
			);
			defaultConfigurationIsVisible = 0;
			defaultConfigurationName = Release;
		};
/* End XCConfigurationList section */
	};
	rootObject = A2FB567F20698ED2004F0344 /* Project object */;
}
